
Microsoft Visual Studio Solution File, Format Version 12.00
# Visual Studio 15
VisualStudioVersion = 15.0.28307.168
MinimumVisualStudioVersion = 10.0.40219.1
Project("{FAE04EC0-301F-11D3-BF4B-00C04F79EFBC}") = "c0730133", "c0730133\c0730133.csproj", "{622B6639-BE1B-4ACC-9CA5-E5B63D994A86}"
EndProject
Global
	GlobalSection(SolutionConfigurationPlatforms) = preSolution
		Debug|Any CPU = Debug|Any CPU
		Release|Any CPU = Release|Any CPU
	EndGlobalSection
	GlobalSection(ProjectConfigurationPlatforms) = postSolution
		{622B6639-BE1B-4ACC-9CA5-E5B63D994A86}.Debug|Any CPU.ActiveCfg = Debug|Any CPU
		{622B6639-BE1B-4ACC-9CA5-E5B63D994A86}.Debug|Any CPU.Build.0 = Debug|Any CPU
		{622B6639-BE1B-4ACC-9CA5-E5B63D994A86}.Release|Any CPU.ActiveCfg = Release|Any CPU
		{622B6639-BE1B-4ACC-9CA5-E5B63D994A86}.Release|Any CPU.Build.0 = Release|Any CPU
	EndGlobalSection
	GlobalSection(SolutionProperties) = preSolution
		HideSolutionNode = FALSE
	EndGlobalSection
	GlobalSection(ExtensibilityGlobals) = postSolution
		SolutionGuid = {B5548219-EC4E-4CDA-A028-14B68A17E607}
	EndGlobalSection
EndGlobal
